
Microsoft Visual Studio Solution File, Format Version 12.00
# Visual Studio Version 17
VisualStudioVersion = 17.8.34309.116
MinimumVisualStudioVersion = 10.0.40219.1
Project("{FAE04EC0-301F-11D3-BF4B-00C04F79EFBC}") = "ASH.API", "ASH.API\ASH.API.csproj", "{3663226D-0FF5-46AF-B999-A2C072829962}"
EndProject
Project("{FAE04EC0-301F-11D3-BF4B-00C04F79EFBC}") = "ASH.DATA", "ASH.DATA\ASH.DATA.csproj", "{6D7FC819-409D-41D8-8CA2-A4310E4821A8}"
EndProject
Project("{FAE04EC0-301F-11D3-BF4B-00C04F79EFBC}") = "ASH.Tests", "ASH.Tests\ASH.Tests.csproj", "{217A6994-3CB2-4647-9605-E676F4065A83}"
EndProject
Project("{FAE04EC0-301F-11D3-BF4B-00C04F79EFBC}") = "ASH.COMMON", "ASH.COMMON\ASH.COMMON.csproj", "{D355E17A-D37A-4A5F-8FA5-9162587EA64B}"
EndProject
Global
	GlobalSection(SolutionConfigurationPlatforms) = preSolution
		Debug|Any CPU = Debug|Any CPU
		Release|Any CPU = Release|Any CPU
	EndGlobalSection
	GlobalSection(ProjectConfigurationPlatforms) = postSolution
		{3663226D-0FF5-46AF-B999-A2C072829962}.Debug|Any CPU.ActiveCfg = Debug|Any CPU
		{3663226D-0FF5-46AF-B999-A2C072829962}.Debug|Any CPU.Build.0 = Debug|Any CPU
		{3663226D-0FF5-46AF-B999-A2C072829962}.Release|Any CPU.ActiveCfg = Release|Any CPU
		{3663226D-0FF5-46AF-B999-A2C072829962}.Release|Any CPU.Build.0 = Release|Any CPU
		{6D7FC819-409D-41D8-8CA2-A4310E4821A8}.Debug|Any CPU.ActiveCfg = Debug|Any CPU
		{6D7FC819-409D-41D8-8CA2-A4310E4821A8}.Debug|Any CPU.Build.0 = Debug|Any CPU
		{6D7FC819-409D-41D8-8CA2-A4310E4821A8}.Release|Any CPU.ActiveCfg = Release|Any CPU
		{6D7FC819-409D-41D8-8CA2-A4310E4821A8}.Release|Any CPU.Build.0 = Release|Any CPU
		{217A6994-3CB2-4647-9605-E676F4065A83}.Debug|Any CPU.ActiveCfg = Debug|Any CPU
		{217A6994-3CB2-4647-9605-E676F4065A83}.Debug|Any CPU.Build.0 = Debug|Any CPU
		{217A6994-3CB2-4647-9605-E676F4065A83}.Release|Any CPU.ActiveCfg = Release|Any CPU
		{217A6994-3CB2-4647-9605-E676F4065A83}.Release|Any CPU.Build.0 = Release|Any CPU
		{D355E17A-D37A-4A5F-8FA5-9162587EA64B}.Debug|Any CPU.ActiveCfg = Debug|Any CPU
		{D355E17A-D37A-4A5F-8FA5-9162587EA64B}.Debug|Any CPU.Build.0 = Debug|Any CPU
		{D355E17A-D37A-4A5F-8FA5-9162587EA64B}.Release|Any CPU.ActiveCfg = Release|Any CPU
		{D355E17A-D37A-4A5F-8FA5-9162587EA64B}.Release|Any CPU.Build.0 = Release|Any CPU
	EndGlobalSection
	GlobalSection(SolutionProperties) = preSolution
		HideSolutionNode = FALSE
	EndGlobalSection
	GlobalSection(ExtensibilityGlobals) = postSolution
		SolutionGuid = {38236864-0E15-4BDD-BF13-27AAB7771152}
	EndGlobalSection
EndGlobal
